{
  "version": 4,
  "terraform_version": "1.13.0",
  "serial": 26,
  "lineage": "fc3b95b0-1798-2269-9b2b-b7f28dcfa015",
  "outputs": {
    "lambda_function_name": {
      "value": "snapshot-inventory-nonprod",
      "type": "string"
    },
    "s3_bucket_name": {
      "value": "elsevier-tio-875143248408-nonprod",
      "type": "string"
    },
    "sns_topic_arn": {
      "value": "arn:aws:sns:eu-west-1:875143248408:snapshot-inventory-nonprod",
      "type": "string"
    }
  },
  "resources": [
    {
      "mode": "data",
      "type": "archive_file",
      "name": "lambda_package",
      "provider": "provider[\"registry.terraform.io/hashicorp/archive\"]",
      "instances": [
        {
          "schema_version": 0,
          "attributes": {
            "exclude_symlink_directories": null,
            "excludes": null,
            "id": "d53d26c3db34676a196740da532321ebfae6f303",
            "output_base64sha256": "ruoUpc32Psa/mCs4EJsaKIBEl1FL3RI69UOU8roQ1nI=",
            "output_base64sha512": "8DAEGjY0klBGqdlnmpl0nxhwg3tWZZ1UR6N5DxsIuUGCECS4VftlVGfgQw6OyRIlFjasOGt1BM9xJV+tzwHLWw==",
            "output_file_mode": null,
            "output_md5": "28d305b574d1922549a8b480edba5e8c",
            "output_path": "./lambda_function.zip",
            "output_sha": "d53d26c3db34676a196740da532321ebfae6f303",
            "output_sha256": "aeea14a5cdf63ec6bf982b38109b1a28804497514bdd123af54394f2ba10d672",
            "output_sha512": "f030041a3634925046a9d9679a99749f1870837b56659d5447a3790f1b08b941821024b855fb655467e0430e8ec912251636ac386b7504cf71255fadcf01cb5b",
            "output_size": 3892,
            "source": [],
            "source_content": null,
            "source_content_filename": null,
            "source_dir": null,
            "source_file": "./../src/lambda_function.py",
            "type": "zip"
          },
          "sensitive_attributes": [],
          "identity_schema_version": 0
        }
      ]
    },
    {
      "mode": "managed",
      "type": "aws_cloudwatch_event_rule",
      "name": "daily_trigger",
      "provider": "provider[\"registry.terraform.io/hashicorp/aws\"]",
      "instances": [
        {
          "schema_version": 0,
          "attributes": {
            "arn": "arn:aws:events:eu-west-1:875143248408:rule/trigger-snapshot-inventory-nonprod",
            "description": "Triggers snapshot inventory Lambda function daily",
            "event_bus_name": "default",
            "event_pattern": null,
            "id": "trigger-snapshot-inventory-nonprod",
            "is_enabled": true,
            "name": "trigger-snapshot-inventory-nonprod",
            "name_prefix": "",
            "role_arn": "",
            "schedule_expression": "rate(1 day)",
            "tags": {
              "Environment": "nonprod",
              "ManagedBy": "Terraform",
              "Owner": "Chris Yatchungkan",
              "Product": "Opsbank2",
              "Project": "Snapshot-Inventory"
            },
            "tags_all": {
              "Environment": "nonprod",
              "ManagedBy": "Terraform",
              "Owner": "Chris Yatchungkan",
              "Product": "Opsbank2",
              "Project": "Snapshot-Inventory"
            }
          },
          "sensitive_attributes": [],
          "identity_schema_version": 0,
          "private": "bnVsbA=="
        }
      ]
    },
    {
      "mode": "managed",
      "type": "aws_cloudwatch_event_target",
      "name": "lambda_target",
      "provider": "provider[\"registry.terraform.io/hashicorp/aws\"]",
      "instances": [
        {
          "schema_version": 1,
          "attributes": {
            "arn": "arn:aws:lambda:eu-west-1:875143248408:function:snapshot-inventory-nonprod",
            "batch_target": [],
            "dead_letter_config": [],
            "ecs_target": [],
            "event_bus_name": "default",
            "http_target": [],
            "id": "trigger-snapshot-inventory-nonprod-SendToLambda",
            "input": "",
            "input_path": "",
            "input_transformer": [],
            "kinesis_target": [],
            "redshift_target": [],
            "retry_policy": [],
            "role_arn": "",
            "rule": "trigger-snapshot-inventory-nonprod",
            "run_command_targets": [],
            "sqs_target": [],
            "target_id": "SendToLambda"
          },
          "sensitive_attributes": [],
          "identity_schema_version": 0,
          "private": "eyJzY2hlbWFfdmVyc2lvbiI6IjEifQ==",
          "dependencies": [
            "aws_cloudwatch_event_rule.daily_trigger",
            "aws_iam_role.lambda_role",
            "aws_lambda_function.snapshot_inventory",
            "aws_s3_bucket.snapshot_inventory",
            "aws_sns_topic.snapshot_inventory",
            "data.archive_file.lambda_package"
          ]
        }
      ]
    },
    {
      "mode": "managed",
      "type": "aws_iam_role",
      "name": "lambda_role",
      "provider": "provider[\"registry.terraform.io/hashicorp/aws\"]",
      "instances": [
        {
          "schema_version": 0,
          "attributes": {
            "arn": "arn:aws:iam::875143248408:role/snapshot_inventory_lambda_role_nonprod",
            "assume_role_policy": "{\"Statement\":[{\"Action\":\"sts:AssumeRole\",\"Effect\":\"Allow\",\"Principal\":{\"Service\":\"lambda.amazonaws.com\"}}],\"Version\":\"2012-10-17\"}",
            "create_date": "2025-02-10T17:26:55Z",
            "description": "",
            "force_detach_policies": false,
            "id": "snapshot_inventory_lambda_role_nonprod",
            "inline_policy": [
              {
                "name": "snapshot_inventory_lambda_policy_nonprod",
                "policy": "{\"Statement\":[{\"Action\":[\"ec2:DescribeRegions\",\"ec2:DescribeSnapshots\",\"ec2:DescribeVolumes\",\"rds:DescribeDBSnapshots\",\"rds:DescribeDBInstances\",\"rds:DescribeDBClusters\",\"rds:DescribeDBClusterSnapshots\",\"backup:ListBackupJobs\",\"backup:DescribeBackupJob\",\"backup:ListBackupVaults\",\"backup:ListRecoveryPointsByBackupVault\",\"s3:PutObject\",\"sns:Publish\",\"logs:CreateLogGroup\",\"logs:CreateLogStream\",\"logs:PutLogEvents\"],\"Effect\":\"Allow\",\"Resource\":\"*\"}],\"Version\":\"2012-10-17\"}"
              }
            ],
            "managed_policy_arns": [],
            "max_session_duration": 3600,
            "name": "snapshot_inventory_lambda_role_nonprod",
            "name_prefix": "",
            "path": "/",
            "permissions_boundary": null,
            "tags": {
              "Environment": "nonprod",
              "ManagedBy": "Terraform",
              "Owner": "Chris Yatchungkan",
              "Product": "Opsbank2",
              "Project": "Snapshot-Inventory"
            },
            "tags_all": {
              "Environment": "nonprod",
              "ManagedBy": "Terraform",
              "Owner": "Chris Yatchungkan",
              "Product": "Opsbank2",
              "Project": "Snapshot-Inventory"
            },
            "unique_id": "AROA4XQU2HIMO7SAQAZ4L"
          },
          "sensitive_attributes": [],
          "identity_schema_version": 0,
          "private": "bnVsbA=="
        }
      ]
    },
    {
      "mode": "managed",
      "type": "aws_iam_role_policy",
      "name": "lambda_policy",
      "provider": "provider[\"registry.terraform.io/hashicorp/aws\"]",
      "instances": [
        {
          "schema_version": 0,
          "attributes": {
            "id": "snapshot_inventory_lambda_role_nonprod:snapshot_inventory_lambda_policy_nonprod",
            "name": "snapshot_inventory_lambda_policy_nonprod",
            "name_prefix": null,
            "policy": "{\"Statement\":[{\"Action\":[\"ec2:DescribeRegions\",\"ec2:DescribeSnapshots\",\"ec2:DescribeVolumes\",\"rds:DescribeDBSnapshots\",\"rds:DescribeDBInstances\",\"rds:DescribeDBClusters\",\"rds:DescribeDBClusterSnapshots\",\"backup:ListBackupJobs\",\"backup:DescribeBackupJob\",\"backup:ListBackupVaults\",\"backup:ListRecoveryPointsByBackupVault\",\"s3:PutObject\",\"sns:Publish\",\"logs:CreateLogGroup\",\"logs:CreateLogStream\",\"logs:PutLogEvents\"],\"Effect\":\"Allow\",\"Resource\":\"*\"}],\"Version\":\"2012-10-17\"}",
            "role": "snapshot_inventory_lambda_role_nonprod"
          },
          "sensitive_attributes": [],
          "identity_schema_version": 0,
          "private": "bnVsbA==",
          "dependencies": [
            "aws_iam_role.lambda_role"
          ]
        }
      ]
    },
    {
      "mode": "managed",
      "type": "aws_lambda_function",
      "name": "snapshot_inventory",
      "provider": "provider[\"registry.terraform.io/hashicorp/aws\"]",
      "instances": [
        {
          "schema_version": 0,
          "attributes": {
            "architectures": [
              "x86_64"
            ],
            "arn": "arn:aws:lambda:eu-west-1:875143248408:function:snapshot-inventory-nonprod",
            "code_signing_config_arn": "",
            "dead_letter_config": [],
            "description": "",
            "environment": [
              {
                "variables": {
                  "ENVIRONMENT": "nonprod",
                  "S3_BUCKET_NAME": "elsevier-tio-875143248408-nonprod",
                  "SNS_TOPIC_ARN": "arn:aws:sns:eu-west-1:875143248408:snapshot-inventory-nonprod"
                }
              }
            ],
            "ephemeral_storage": [
              {
                "size": 512
              }
            ],
            "file_system_config": [],
            "filename": "./lambda_function.zip",
            "function_name": "snapshot-inventory-nonprod",
            "handler": "lambda_function.lambda_handler",
            "id": "snapshot-inventory-nonprod",
            "image_config": [],
            "image_uri": "",
            "invoke_arn": "arn:aws:apigateway:eu-west-1:lambda:path/2015-03-31/functions/arn:aws:lambda:eu-west-1:875143248408:function:snapshot-inventory-nonprod/invocations",
            "kms_key_arn": "",
            "last_modified": "2025-12-04T16:54:38.000+0000",
            "layers": [],
            "memory_size": 256,
            "package_type": "Zip",
            "publish": false,
            "qualified_arn": "arn:aws:lambda:eu-west-1:875143248408:function:snapshot-inventory-nonprod:11",
            "reserved_concurrent_executions": -1,
            "role": "arn:aws:iam::875143248408:role/snapshot_inventory_lambda_role_nonprod",
            "runtime": "python3.9",
            "s3_bucket": null,
            "s3_key": null,
            "s3_object_version": null,
            "signing_job_arn": "",
            "signing_profile_version_arn": "",
            "source_code_hash": "ruoUpc32Psa/mCs4EJsaKIBEl1FL3RI69UOU8roQ1nI=",
            "source_code_size": 3892,
            "tags": {
              "Environment": "nonprod",
              "ManagedBy": "Terraform",
              "Owner": "Chris Yatchungkan",
              "Product": "Opsbank2",
              "Project": "Snapshot-Inventory"
            },
            "tags_all": {
              "Environment": "nonprod",
              "ManagedBy": "Terraform",
              "Owner": "Chris Yatchungkan",
              "Product": "Opsbank2",
              "Project": "Snapshot-Inventory"
            },
            "timeout": 300,
            "timeouts": null,
            "tracing_config": [
              {
                "mode": "PassThrough"
              }
            ],
            "version": "11",
            "vpc_config": []
          },
          "sensitive_attributes": [],
          "identity_schema_version": 0,
          "private": "eyJlMmJmYjczMC1lY2FhLTExZTYtOGY4OC0zNDM2M2JjN2M0YzAiOnsiY3JlYXRlIjo2MDAwMDAwMDAwMDB9fQ==",
          "dependencies": [
            "aws_iam_role.lambda_role",
            "aws_s3_bucket.snapshot_inventory",
            "aws_sns_topic.snapshot_inventory",
            "data.archive_file.lambda_package"
          ]
        }
      ]
    },
    {
      "mode": "managed",
      "type": "aws_lambda_permission",
      "name": "allow_eventbridge",
      "provider": "provider[\"registry.terraform.io/hashicorp/aws\"]",
      "instances": [
        {
          "schema_version": 0,
          "attributes": {
            "action": "lambda:InvokeFunction",
            "event_source_token": null,
            "function_name": "snapshot-inventory-nonprod",
            "function_url_auth_type": null,
            "id": "AllowEventBridgeInvoke",
            "principal": "events.amazonaws.com",
            "principal_org_id": null,
            "qualifier": "",
            "source_account": null,
            "source_arn": "arn:aws:events:eu-west-1:875143248408:rule/trigger-snapshot-inventory-nonprod",
            "statement_id": "AllowEventBridgeInvoke",
            "statement_id_prefix": ""
          },
          "sensitive_attributes": [],
          "identity_schema_version": 0,
          "private": "bnVsbA==",
          "dependencies": [
            "aws_cloudwatch_event_rule.daily_trigger",
            "aws_iam_role.lambda_role",
            "aws_lambda_function.snapshot_inventory",
            "aws_s3_bucket.snapshot_inventory",
            "aws_sns_topic.snapshot_inventory",
            "data.archive_file.lambda_package"
          ]
        }
      ]
    },
    {
      "mode": "managed",
      "type": "aws_s3_bucket",
      "name": "snapshot_inventory",
      "provider": "provider[\"registry.terraform.io/hashicorp/aws\"]",
      "instances": [
        {
          "schema_version": 0,
          "attributes": {
            "acceleration_status": "",
            "acl": null,
            "arn": "arn:aws:s3:::elsevier-tio-875143248408-nonprod",
            "bucket": "elsevier-tio-875143248408-nonprod",
            "bucket_domain_name": "elsevier-tio-875143248408-nonprod.s3.amazonaws.com",
            "bucket_prefix": null,
            "bucket_regional_domain_name": "elsevier-tio-875143248408-nonprod.s3.eu-west-1.amazonaws.com",
            "cors_rule": [],
            "force_destroy": false,
            "grant": [
              {
                "id": "a3e427264ee78eb607301c941ec428c63708e3af8f51a217d22987ef2348d858",
                "permissions": [
                  "FULL_CONTROL"
                ],
                "type": "CanonicalUser",
                "uri": ""
              }
            ],
            "hosted_zone_id": "Z1BKCTXD74EZPE",
            "id": "elsevier-tio-875143248408-nonprod",
            "lifecycle_rule": [
              {
                "abort_incomplete_multipart_upload_days": 0,
                "enabled": true,
                "expiration": [
                  {
                    "date": "",
                    "days": 30,
                    "expired_object_delete_marker": false
                  }
                ],
                "id": "cleanup_old_reports",
                "noncurrent_version_expiration": [
                  {
                    "days": 1
                  }
                ],
                "noncurrent_version_transition": [],
                "prefix": "",
                "tags": {},
                "transition": []
              }
            ],
            "logging": [],
            "object_lock_configuration": [],
            "object_lock_enabled": false,
            "policy": "",
            "region": "eu-west-1",
            "replication_configuration": [],
            "request_payer": "BucketOwner",
            "server_side_encryption_configuration": [
              {
                "rule": [
                  {
                    "apply_server_side_encryption_by_default": [
                      {
                        "kms_master_key_id": "",
                        "sse_algorithm": "AES256"
                      }
                    ],
                    "bucket_key_enabled": false
                  }
                ]
              }
            ],
            "tags": {
              "Environment": "nonprod",
              "ManagedBy": "Terraform",
              "Owner": "Chris Yatchungkan",
              "Product": "Opsbank2",
              "Project": "Snapshot-Inventory"
            },
            "tags_all": {
              "Environment": "nonprod",
              "ManagedBy": "Terraform",
              "Owner": "Chris Yatchungkan",
              "Product": "Opsbank2",
              "Project": "Snapshot-Inventory"
            },
            "versioning": [
              {
                "enabled": true,
                "mfa_delete": false
              }
            ],
            "website": [],
            "website_domain": null,
            "website_endpoint": null
          },
          "sensitive_attributes": [],
          "identity_schema_version": 0,
          "private": "bnVsbA=="
        }
      ]
    },
    {
      "mode": "managed",
      "type": "aws_s3_bucket_lifecycle_configuration",
      "name": "snapshot_inventory",
      "provider": "provider[\"registry.terraform.io/hashicorp/aws\"]",
      "instances": [
        {
          "schema_version": 0,
          "attributes": {
            "bucket": "elsevier-tio-875143248408-nonprod",
            "expected_bucket_owner": "",
            "id": "elsevier-tio-875143248408-nonprod",
            "rule": [
              {
                "abort_incomplete_multipart_upload": [],
                "expiration": [
                  {
                    "date": "",
                    "days": 30,
                    "expired_object_delete_marker": false
                  }
                ],
                "filter": [
                  {
                    "and": [],
                    "object_size_greater_than": "",
                    "object_size_less_than": "",
                    "prefix": "",
                    "tag": []
                  }
                ],
                "id": "cleanup_old_reports",
                "noncurrent_version_expiration": [],
                "noncurrent_version_transition": [],
                "prefix": "",
                "status": "Enabled",
                "transition": []
              }
            ]
          },
          "sensitive_attributes": [],
          "identity_schema_version": 0,
          "private": "bnVsbA==",
          "dependencies": [
            "aws_s3_bucket.snapshot_inventory"
          ]
        }
      ]
    },
    {
      "mode": "managed",
      "type": "aws_s3_bucket_versioning",
      "name": "snapshot_inventory",
      "provider": "provider[\"registry.terraform.io/hashicorp/aws\"]",
      "instances": [
        {
          "schema_version": 0,
          "attributes": {
            "bucket": "elsevier-tio-875143248408-nonprod",
            "expected_bucket_owner": "",
            "id": "elsevier-tio-875143248408-nonprod",
            "mfa": null,
            "versioning_configuration": [
              {
                "mfa_delete": "",
                "status": "Suspended"
              }
            ]
          },
          "sensitive_attributes": [],
          "identity_schema_version": 0,
          "private": "bnVsbA==",
          "dependencies": [
            "aws_s3_bucket.snapshot_inventory"
          ]
        }
      ]
    },
    {
      "mode": "managed",
      "type": "aws_sns_topic",
      "name": "snapshot_inventory",
      "provider": "provider[\"registry.terraform.io/hashicorp/aws\"]",
      "instances": [
        {
          "schema_version": 0,
          "attributes": {
            "application_failure_feedback_role_arn": "",
            "application_success_feedback_role_arn": "",
            "application_success_feedback_sample_rate": 0,
            "arn": "arn:aws:sns:eu-west-1:875143248408:snapshot-inventory-nonprod",
            "content_based_deduplication": false,
            "delivery_policy": "",
            "display_name": "",
            "fifo_topic": false,
            "firehose_failure_feedback_role_arn": "",
            "firehose_success_feedback_role_arn": "",
            "firehose_success_feedback_sample_rate": 0,
            "http_failure_feedback_role_arn": "",
            "http_success_feedback_role_arn": "",
            "http_success_feedback_sample_rate": 0,
            "id": "arn:aws:sns:eu-west-1:875143248408:snapshot-inventory-nonprod",
            "kms_master_key_id": "",
            "lambda_failure_feedback_role_arn": "",
            "lambda_success_feedback_role_arn": "",
            "lambda_success_feedback_sample_rate": 0,
            "name": "snapshot-inventory-nonprod",
            "name_prefix": "",
            "owner": "875143248408",
            "policy": "{\"Version\":\"2008-10-17\",\"Id\":\"__default_policy_ID\",\"Statement\":[{\"Sid\":\"__default_statement_ID\",\"Effect\":\"Allow\",\"Principal\":{\"AWS\":\"*\"},\"Action\":[\"SNS:GetTopicAttributes\",\"SNS:SetTopicAttributes\",\"SNS:AddPermission\",\"SNS:RemovePermission\",\"SNS:DeleteTopic\",\"SNS:Subscribe\",\"SNS:ListSubscriptionsByTopic\",\"SNS:Publish\"],\"Resource\":\"arn:aws:sns:eu-west-1:875143248408:snapshot-inventory-nonprod\",\"Condition\":{\"StringEquals\":{\"AWS:SourceOwner\":\"875143248408\"}}}]}",
            "sqs_failure_feedback_role_arn": "",
            "sqs_success_feedback_role_arn": "",
            "sqs_success_feedback_sample_rate": 0,
            "tags": {
              "Environment": "nonprod",
              "ManagedBy": "Terraform",
              "Owner": "Chris Yatchungkan",
              "Product": "Opsbank2",
              "Project": "Snapshot-Inventory"
            },
            "tags_all": {
              "Environment": "nonprod",
              "ManagedBy": "Terraform",
              "Owner": "Chris Yatchungkan",
              "Product": "Opsbank2",
              "Project": "Snapshot-Inventory"
            }
          },
          "sensitive_attributes": [],
          "identity_schema_version": 0,
          "private": "bnVsbA=="
        }
      ]
    },
    {
      "mode": "managed",
      "type": "aws_sns_topic_subscription",
      "name": "email",
      "provider": "provider[\"registry.terraform.io/hashicorp/aws\"]",
      "instances": [
        {
          "schema_version": 0,
          "attributes": {
            "arn": "arn:aws:sns:eu-west-1:875143248408:snapshot-inventory-nonprod:8cbde55f-41d0-460f-9494-a6598fc26481",
            "confirmation_timeout_in_minutes": 1,
            "confirmation_was_authenticated": false,
            "delivery_policy": "",
            "endpoint": "c.yatchungkan@elsevier.com",
            "endpoint_auto_confirms": false,
            "filter_policy": "",
            "id": "arn:aws:sns:eu-west-1:875143248408:snapshot-inventory-nonprod:8cbde55f-41d0-460f-9494-a6598fc26481",
            "owner_id": "875143248408",
            "pending_confirmation": false,
            "protocol": "email",
            "raw_message_delivery": false,
            "redrive_policy": "",
            "subscription_role_arn": "",
            "topic_arn": "arn:aws:sns:eu-west-1:875143248408:snapshot-inventory-nonprod"
          },
          "sensitive_attributes": [],
          "identity_schema_version": 0,
          "private": "bnVsbA==",
          "dependencies": [
            "aws_sns_topic.snapshot_inventory"
          ]
        }
      ]
    }
  ],
  "check_results": null
}
